// !$*UTF8*$!
{
	archiveVersion = 1;
	classes = {
	};
	objectVersion = 55;
	objects = {

/* Begin PBXBuildFile section */
		207639994F365F4CBD4A5F26 /* Pods_AppStore.framework in Frameworks */ = {isa = PBXBuildFile; fileRef = C0D735E216723BF1FDFF7168 /* Pods_AppStore.framework */; };
		A01DDB7A2769D8EA00C6C37B /* AppDetailViewController.swift in Sources */ = {isa = PBXBuildFile; fileRef = A01DDB792769D8EA00C6C37B /* AppDetailViewController.swift */; };
		A067ECFE27630E4900EDE17E /* AppDelegate.swift in Sources */ = {isa = PBXBuildFile; fileRef = A067ECFD27630E4900EDE17E /* AppDelegate.swift */; };
		A067ED0027630E4900EDE17E /* SceneDelegate.swift in Sources */ = {isa = PBXBuildFile; fileRef = A067ECFF27630E4900EDE17E /* SceneDelegate.swift */; };
		A067ED0227630E4900EDE17E /* TabBarController.swift in Sources */ = {isa = PBXBuildFile; fileRef = A067ED0127630E4900EDE17E /* TabBarController.swift */; };
		A067ED0727630E4A00EDE17E /* Assets.xcassets in Resources */ = {isa = PBXBuildFile; fileRef = A067ED0627630E4A00EDE17E /* Assets.xcassets */; };
		A067ED0A27630E4A00EDE17E /* LaunchScreen.storyboard in Resources */ = {isa = PBXBuildFile; fileRef = A067ED0827630E4A00EDE17E /* LaunchScreen.storyboard */; };
		A067ED1B2763146F00EDE17E /* TodayViewController.swift in Sources */ = {isa = PBXBuildFile; fileRef = A067ED1A2763146F00EDE17E /* TodayViewController.swift */; };
		A067ED1D2763195A00EDE17E /* TodayCollectionViewCell.swift in Sources */ = {isa = PBXBuildFile; fileRef = A067ED1C2763195A00EDE17E /* TodayCollectionViewCell.swift */; };
		A067ED1F276328E600EDE17E /* TodayCollectionHeaderView.swift in Sources */ = {isa = PBXBuildFile; fileRef = A067ED1E276328E600EDE17E /* TodayCollectionHeaderView.swift */; };
		A09FB1B627670E04001DAE89 /* AppViewController.swift in Sources */ = {isa = PBXBuildFile; fileRef = A09FB1B527670E04001DAE89 /* AppViewController.swift */; };
		A09FB1BB2767169F001DAE89 /* FeatureSectionView.swift in Sources */ = {isa = PBXBuildFile; fileRef = A09FB1BA2767169F001DAE89 /* FeatureSectionView.swift */; };
		A09FB1BD27671F53001DAE89 /* FeatureSectionViewCell.swift in Sources */ = {isa = PBXBuildFile; fileRef = A09FB1BC27671F53001DAE89 /* FeatureSectionViewCell.swift */; };
		A09FB1BF276723EF001DAE89 /* SeparatorView.swift in Sources */ = {isa = PBXBuildFile; fileRef = A09FB1BE276723EF001DAE89 /* SeparatorView.swift */; };
		A0F570402769B26700A86E86 /* RankingFeatureSectionView.swift in Sources */ = {isa = PBXBuildFile; fileRef = A0F5703F2769B26700A86E86 /* RankingFeatureSectionView.swift */; };
		A0F570422769C74B00A86E86 /* RankingFeatureSectionViewCell.swift in Sources */ = {isa = PBXBuildFile; fileRef = A0F570412769C74B00A86E86 /* RankingFeatureSectionViewCell.swift */; };
		A0F570442769CF4600A86E86 /* ExchangeCodeSectionView.swift in Sources */ = {isa = PBXBuildFile; fileRef = A0F570432769CF4600A86E86 /* ExchangeCodeSectionView.swift */; };
/* End PBXBuildFile section */

/* Begin PBXFileReference section */
		583934B32AF02E83AC8185ED /* Pods-AppStore.release.xcconfig */ = {isa = PBXFileReference; includeInIndex = 1; lastKnownFileType = text.xcconfig; name = "Pods-AppStore.release.xcconfig"; path = "Target Support Files/Pods-AppStore/Pods-AppStore.release.xcconfig"; sourceTree = "<group>"; };
		5E889420F408219440B499AF /* Pods-AppStore.debug.xcconfig */ = {isa = PBXFileReference; includeInIndex = 1; lastKnownFileType = text.xcconfig; name = "Pods-AppStore.debug.xcconfig"; path = "Target Support Files/Pods-AppStore/Pods-AppStore.debug.xcconfig"; sourceTree = "<group>"; };
		A01DDB792769D8EA00C6C37B /* AppDetailViewController.swift */ = {isa = PBXFileReference; lastKnownFileType = sourcecode.swift; path = AppDetailViewController.swift; sourceTree = "<group>"; };
		A067ECFA27630E4900EDE17E /* AppStore.app */ = {isa = PBXFileReference; explicitFileType = wrapper.application; includeInIndex = 0; path = AppStore.app; sourceTree = BUILT_PRODUCTS_DIR; };
		A067ECFD27630E4900EDE17E /* AppDelegate.swift */ = {isa = PBXFileReference; lastKnownFileType = sourcecode.swift; path = AppDelegate.swift; sourceTree = "<group>"; };
		A067ECFF27630E4900EDE17E /* SceneDelegate.swift */ = {isa = PBXFileReference; lastKnownFileType = sourcecode.swift; path = SceneDelegate.swift; sourceTree = "<group>"; };
		A067ED0127630E4900EDE17E /* TabBarController.swift */ = {isa = PBXFileReference; lastKnownFileType = sourcecode.swift; path = TabBarController.swift; sourceTree = "<group>"; };
		A067ED0627630E4A00EDE17E /* Assets.xcassets */ = {isa = PBXFileReference; lastKnownFileType = folder.assetcatalog; path = Assets.xcassets; sourceTree = "<group>"; };
		A067ED0927630E4A00EDE17E /* Base */ = {isa = PBXFileReference; lastKnownFileType = file.storyboard; name = Base; path = Base.lproj/LaunchScreen.storyboard; sourceTree = "<group>"; };
		A067ED0B27630E4A00EDE17E /* Info.plist */ = {isa = PBXFileReference; lastKnownFileType = text.plist.xml; path = Info.plist; sourceTree = "<group>"; };
		A067ED1A2763146F00EDE17E /* TodayViewController.swift */ = {isa = PBXFileReference; lastKnownFileType = sourcecode.swift; path = TodayViewController.swift; sourceTree = "<group>"; };
		A067ED1C2763195A00EDE17E /* TodayCollectionViewCell.swift */ = {isa = PBXFileReference; lastKnownFileType = sourcecode.swift; path = TodayCollectionViewCell.swift; sourceTree = "<group>"; };
		A067ED1E276328E600EDE17E /* TodayCollectionHeaderView.swift */ = {isa = PBXFileReference; lastKnownFileType = sourcecode.swift; path = TodayCollectionHeaderView.swift; sourceTree = "<group>"; };
		A09FB1B527670E04001DAE89 /* AppViewController.swift */ = {isa = PBXFileReference; lastKnownFileType = sourcecode.swift; path = AppViewController.swift; sourceTree = "<group>"; };
		A09FB1BA2767169F001DAE89 /* FeatureSectionView.swift */ = {isa = PBXFileReference; lastKnownFileType = sourcecode.swift; path = FeatureSectionView.swift; sourceTree = "<group>"; };
		A09FB1BC27671F53001DAE89 /* FeatureSectionViewCell.swift */ = {isa = PBXFileReference; lastKnownFileType = sourcecode.swift; path = FeatureSectionViewCell.swift; sourceTree = "<group>"; };
		A09FB1BE276723EF001DAE89 /* SeparatorView.swift */ = {isa = PBXFileReference; lastKnownFileType = sourcecode.swift; path = SeparatorView.swift; sourceTree = "<group>"; };
		A0F5703F2769B26700A86E86 /* RankingFeatureSectionView.swift */ = {isa = PBXFileReference; lastKnownFileType = sourcecode.swift; path = RankingFeatureSectionView.swift; sourceTree = "<group>"; };
		A0F570412769C74B00A86E86 /* RankingFeatureSectionViewCell.swift */ = {isa = PBXFileReference; lastKnownFileType = sourcecode.swift; path = RankingFeatureSectionViewCell.swift; sourceTree = "<group>"; };
		A0F570432769CF4600A86E86 /* ExchangeCodeSectionView.swift */ = {isa = PBXFileReference; lastKnownFileType = sourcecode.swift; path = ExchangeCodeSectionView.swift; sourceTree = "<group>"; };
		C0D735E216723BF1FDFF7168 /* Pods_AppStore.framework */ = {isa = PBXFileReference; explicitFileType = wrapper.framework; includeInIndex = 0; path = Pods_AppStore.framework; sourceTree = BUILT_PRODUCTS_DIR; };
/* End PBXFileReference section */

/* Begin PBXFrameworksBuildPhase section */
		A067ECF727630E4900EDE17E /* Frameworks */ = {
			isa = PBXFrameworksBuildPhase;
			buildActionMask = 2147483647;
			files = (
				207639994F365F4CBD4A5F26 /* Pods_AppStore.framework in Frameworks */,
			);
			runOnlyForDeploymentPostprocessing = 0;
		};
/* End PBXFrameworksBuildPhase section */

/* Begin PBXGroup section */
		369F8BB3DF42A7886A5D5050 /* Pods */ = {
			isa = PBXGroup;
			children = (
				5E889420F408219440B499AF /* Pods-AppStore.debug.xcconfig */,
				583934B32AF02E83AC8185ED /* Pods-AppStore.release.xcconfig */,
			);
			path = Pods;
			sourceTree = "<group>";
		};
		A067ECF127630E4900EDE17E = {
			isa = PBXGroup;
			children = (
				A067ECFC27630E4900EDE17E /* AppStore */,
				A067ECFB27630E4900EDE17E /* Products */,
				369F8BB3DF42A7886A5D5050 /* Pods */,
				B8209A22232803F6F421BA8E /* Frameworks */,
			);
			sourceTree = "<group>";
		};
		A067ECFB27630E4900EDE17E /* Products */ = {
			isa = PBXGroup;
			children = (
				A067ECFA27630E4900EDE17E /* AppStore.app */,
			);
			name = Products;
			sourceTree = "<group>";
		};
		A067ECFC27630E4900EDE17E /* AppStore */ = {
			isa = PBXGroup;
			children = (
				A067ECFD27630E4900EDE17E /* AppDelegate.swift */,
				A067ECFF27630E4900EDE17E /* SceneDelegate.swift */,
				A067ED182763141B00EDE17E /* Scenes */,
				A067ED0627630E4A00EDE17E /* Assets.xcassets */,
				A067ED0827630E4A00EDE17E /* LaunchScreen.storyboard */,
				A067ED0B27630E4A00EDE17E /* Info.plist */,
			);
			path = AppStore;
			sourceTree = "<group>";
		};
		A067ED182763141B00EDE17E /* Scenes */ = {
			isa = PBXGroup;
			children = (
				A067ED0127630E4900EDE17E /* TabBarController.swift */,
				A067ED192763144900EDE17E /* Today */,
				A09FB1B727670E0B001DAE89 /* App */,
			);
			path = Scenes;
			sourceTree = "<group>";
		};
		A067ED192763144900EDE17E /* Today */ = {
			isa = PBXGroup;
			children = (
				A067ED1A2763146F00EDE17E /* TodayViewController.swift */,
				A067ED1C2763195A00EDE17E /* TodayCollectionViewCell.swift */,
				A067ED1E276328E600EDE17E /* TodayCollectionHeaderView.swift */,
				A01DDB792769D8EA00C6C37B /* AppDetailViewController.swift */,
			);
			path = Today;
			sourceTree = "<group>";
		};
		A09FB1B727670E0B001DAE89 /* App */ = {
			isa = PBXGroup;
			children = (
				A09FB1B527670E04001DAE89 /* AppViewController.swift */,
				A09FB1BA2767169F001DAE89 /* FeatureSectionView.swift */,
				A09FB1BC27671F53001DAE89 /* FeatureSectionViewCell.swift */,
				A0F5703F2769B26700A86E86 /* RankingFeatureSectionView.swift */,
				A0F570412769C74B00A86E86 /* RankingFeatureSectionViewCell.swift */,
				A0F570432769CF4600A86E86 /* ExchangeCodeSectionView.swift */,
				A09FB1BE276723EF001DAE89 /* SeparatorView.swift */,
			);
			path = App;
			sourceTree = "<group>";
		};
		B8209A22232803F6F421BA8E /* Frameworks */ = {
			isa = PBXGroup;
			children = (
				C0D735E216723BF1FDFF7168 /* Pods_AppStore.framework */,
			);
			name = Frameworks;
			sourceTree = "<group>";
		};
/* End PBXGroup section */

/* Begin PBXNativeTarget section */
		A067ECF927630E4900EDE17E /* AppStore */ = {
			isa = PBXNativeTarget;
			buildConfigurationList = A067ED0E27630E4A00EDE17E /* Build configuration list for PBXNativeTarget "AppStore" */;
			buildPhases = (
				1F09C3D6F3AD0E49D7B6D1E7 /* [CP] Check Pods Manifest.lock */,
				A067ECF627630E4900EDE17E /* Sources */,
				A067ECF727630E4900EDE17E /* Frameworks */,
				A067ECF827630E4900EDE17E /* Resources */,
				4ED0C9A9437E37A38550B9EC /* [CP] Embed Pods Frameworks */,
			);
			buildRules = (
			);
			dependencies = (
			);
			name = AppStore;
			productName = AppStore;
			productReference = A067ECFA27630E4900EDE17E /* AppStore.app */;
			productType = "com.apple.product-type.application";
		};
/* End PBXNativeTarget section */

/* Begin PBXProject section */
		A067ECF227630E4900EDE17E /* Project object */ = {
			isa = PBXProject;
			attributes = {
				BuildIndependentTargetsInParallel = 1;
				LastSwiftUpdateCheck = 1310;
				LastUpgradeCheck = 1310;
				TargetAttributes = {
					A067ECF927630E4900EDE17E = {
						CreatedOnToolsVersion = 13.1;
					};
				};
			};
			buildConfigurationList = A067ECF527630E4900EDE17E /* Build configuration list for PBXProject "AppStore" */;
			compatibilityVersion = "Xcode 13.0";
			developmentRegion = en;
			hasScannedForEncodings = 0;
			knownRegions = (
				en,
				Base,
			);
			mainGroup = A067ECF127630E4900EDE17E;
			productRefGroup = A067ECFB27630E4900EDE17E /* Products */;
			projectDirPath = "";
			projectRoot = "";
			targets = (
				A067ECF927630E4900EDE17E /* AppStore */,
			);
		};
/* End PBXProject section */

/* Begin PBXResourcesBuildPhase section */
		A067ECF827630E4900EDE17E /* Resources */ = {
			isa = PBXResourcesBuildPhase;
			buildActionMask = 2147483647;
			files = (
				A067ED0A27630E4A00EDE17E /* LaunchScreen.storyboard in Resources */,
				A067ED0727630E4A00EDE17E /* Assets.xcassets in Resources */,
			);
			runOnlyForDeploymentPostprocessing = 0;
		};
/* End PBXResourcesBuildPhase section */

/* Begin PBXShellScriptBuildPhase section */
		1F09C3D6F3AD0E49D7B6D1E7 /* [CP] Check Pods Manifest.lock */ = {
			isa = PBXShellScriptBuildPhase;
			buildActionMask = 2147483647;
			files = (
			);
			inputFileListPaths = (
			);
			inputPaths = (
				"${PODS_PODFILE_DIR_PATH}/Podfile.lock",
				"${PODS_ROOT}/Manifest.lock",
			);
			name = "[CP] Check Pods Manifest.lock";
			outputFileListPaths = (
			);
			outputPaths = (
				"$(DERIVED_FILE_DIR)/Pods-AppStore-checkManifestLockResult.txt",
			);
			runOnlyForDeploymentPostprocessing = 0;
			shellPath = /bin/sh;
			shellScript = "diff \"${PODS_PODFILE_DIR_PATH}/Podfile.lock\" \"${PODS_ROOT}/Manifest.lock\" > /dev/null\nif [ $? != 0 ] ; then\n    # print error to STDERR\n    echo \"error: The sandbox is not in sync with the Podfile.lock. Run 'pod install' or update your CocoaPods installation.\" >&2\n    exit 1\nfi\n# This output is used by Xcode 'outputs' to avoid re-running this script phase.\necho \"SUCCESS\" > \"${SCRIPT_OUTPUT_FILE_0}\"\n";
			showEnvVarsInLog = 0;
		};
		4ED0C9A9437E37A38550B9EC /* [CP] Embed Pods Frameworks */ = {
			isa = PBXShellScriptBuildPhase;
			buildActionMask = 2147483647;
			files = (
			);
			inputFileListPaths = (
				"${PODS_ROOT}/Target Support Files/Pods-AppStore/Pods-AppStore-frameworks-${CONFIGURATION}-input-files.xcfilelist",
			);
			name = "[CP] Embed Pods Frameworks";
			outputFileListPaths = (
				"${PODS_ROOT}/Target Support Files/Pods-AppStore/Pods-AppStore-frameworks-${CONFIGURATION}-output-files.xcfilelist",
			);
			runOnlyForDeploymentPostprocessing = 0;
			shellPath = /bin/sh;
			shellScript = "\"${PODS_ROOT}/Target Support Files/Pods-AppStore/Pods-AppStore-frameworks.sh\"\n";
			showEnvVarsInLog = 0;
		};
/* End PBXShellScriptBuildPhase section */

/* Begin PBXSourcesBuildPhase section */
		A067ECF627630E4900EDE17E /* Sources */ = {
			isa = PBXSourcesBuildPhase;
			buildActionMask = 2147483647;
			files = (
				A067ED1B2763146F00EDE17E /* TodayViewController.swift in Sources */,
				A067ED0227630E4900EDE17E /* TabBarController.swift in Sources */,
				A09FB1BF276723EF001DAE89 /* SeparatorView.swift in Sources */,
				A067ECFE27630E4900EDE17E /* AppDelegate.swift in Sources */,
				A0F570422769C74B00A86E86 /* RankingFeatureSectionViewCell.swift in Sources */,
				A067ED1F276328E600EDE17E /* TodayCollectionHeaderView.swift in Sources */,
				A09FB1BD27671F53001DAE89 /* FeatureSectionViewCell.swift in Sources */,
				A09FB1B627670E04001DAE89 /* AppViewController.swift in Sources */,
				A067ED0027630E4900EDE17E /* SceneDelegate.swift in Sources */,
				A067ED1D2763195A00EDE17E /* TodayCollectionViewCell.swift in Sources */,
				A09FB1BB2767169F001DAE89 /* FeatureSectionView.swift in Sources */,
				A01DDB7A2769D8EA00C6C37B /* AppDetailViewController.swift in Sources */,
				A0F570402769B26700A86E86 /* RankingFeatureSectionView.swift in Sources */,
				A0F570442769CF4600A86E86 /* ExchangeCodeSectionView.swift in Sources */,
			);
			runOnlyForDeploymentPostprocessing = 0;
		};
/* End PBXSourcesBuildPhase section */

/* Begin PBXVariantGroup section */
		A067ED0827630E4A00EDE17E /* LaunchScreen.storyboard */ = {
			isa = PBXVariantGroup;
			children = (
				A067ED0927630E4A00EDE17E /* Base */,
			);
			name = LaunchScreen.storyboard;
			sourceTree = "<group>";
		};
/* End PBXVariantGroup section */

/* Begin XCBuildConfiguration section */
		A067ED0C27630E4A00EDE17E /* Debug */ = {
			isa = XCBuildConfiguration;
			buildSettings = {
				ALWAYS_SEARCH_USER_PATHS = NO;
				CLANG_ANALYZER_NONNULL = YES;
				CLANG_ANALYZER_NUMBER_OBJECT_CONVERSION = YES_AGGRESSIVE;
				CLANG_CXX_LANGUAGE_STANDARD = "gnu++17";
				CLANG_CXX_LIBRARY = "libc++";
				CLANG_ENABLE_MODULES = YES;
				CLANG_ENABLE_OBJC_ARC = YES;
				CLANG_ENABLE_OBJC_WEAK = YES;
				CLANG_WARN_BLOCK_CAPTURE_AUTORELEASING = YES;
				CLANG_WARN_BOOL_CONVERSION = YES;
				CLANG_WARN_COMMA = YES;
				CLANG_WARN_CONSTANT_CONVERSION = YES;
				CLANG_WARN_DEPRECATED_OBJC_IMPLEMENTATIONS = YES;
				CLANG_WARN_DIRECT_OBJC_ISA_USAGE = YES_ERROR;
				CLANG_WARN_DOCUMENTATION_COMMENTS = YES;
				CLANG_WARN_EMPTY_BODY = YES;
				CLANG_WARN_ENUM_CONVERSION = YES;
				CLANG_WARN_INFINITE_RECURSION = YES;
				CLANG_WARN_INT_CONVERSION = YES;
				CLANG_WARN_NON_LITERAL_NULL_CONVERSION = YES;
				CLANG_WARN_OBJC_IMPLICIT_RETAIN_SELF = YES;
				CLANG_WARN_OBJC_LITERAL_CONVERSION = YES;
				CLANG_WARN_OBJC_ROOT_CLASS = YES_ERROR;
				CLANG_WARN_QUOTED_INCLUDE_IN_FRAMEWORK_HEADER = YES;
				CLANG_WARN_RANGE_LOOP_ANALYSIS = YES;
				CLANG_WARN_STRICT_PROTOTYPES = YES;
				CLANG_WARN_SUSPICIOUS_MOVE = YES;
				CLANG_WARN_UNGUARDED_AVAILABILITY = YES_AGGRESSIVE;
				CLANG_WARN_UNREACHABLE_CODE = YES;
				CLANG_WARN__DUPLICATE_METHOD_MATCH = YES;
				COPY_PHASE_STRIP = NO;
				DEBUG_INFORMATION_FORMAT = dwarf;
				ENABLE_STRICT_OBJC_MSGSEND = YES;
				ENABLE_TESTABILITY = YES;
				GCC_C_LANGUAGE_STANDARD = gnu11;
				GCC_DYNAMIC_NO_PIC = NO;
				GCC_NO_COMMON_BLOCKS = YES;
				GCC_OPTIMIZATION_LEVEL = 0;
				GCC_PREPROCESSOR_DEFINITIONS = (
					"DEBUG=1",
					"$(inherited)",
				);
				GCC_WARN_64_TO_32_BIT_CONVERSION = YES;
				GCC_WARN_ABOUT_RETURN_TYPE = YES_ERROR;
				GCC_WARN_UNDECLARED_SELECTOR = YES;
				GCC_WARN_UNINITIALIZED_AUTOS = YES_AGGRESSIVE;
				GCC_WARN_UNUSED_FUNCTION = YES;
				GCC_WARN_UNUSED_VARIABLE = YES;
				IPHONEOS_DEPLOYMENT_TARGET = 15.0;
				MTL_ENABLE_DEBUG_INFO = INCLUDE_SOURCE;
				MTL_FAST_MATH = YES;
				ONLY_ACTIVE_ARCH = YES;
				SDKROOT = iphoneos;
				SWIFT_ACTIVE_COMPILATION_CONDITIONS = DEBUG;
				SWIFT_OPTIMIZATION_LEVEL = "-Onone";
			};
			name = Debug;
		};
		A067ED0D27630E4A00EDE17E /* Release */ = {
			isa = XCBuildConfiguration;
			buildSettings = {
				ALWAYS_SEARCH_USER_PATHS = NO;
				CLANG_ANALYZER_NONNULL = YES;
				CLANG_ANALYZER_NUMBER_OBJECT_CONVERSION = YES_AGGRESSIVE;
				CLANG_CXX_LANGUAGE_STANDARD = "gnu++17";
				CLANG_CXX_LIBRARY = "libc++";
				CLANG_ENABLE_MODULES = YES;
				CLANG_ENABLE_OBJC_ARC = YES;
				CLANG_ENABLE_OBJC_WEAK = YES;
				CLANG_WARN_BLOCK_CAPTURE_AUTORELEASING = YES;
				CLANG_WARN_BOOL_CONVERSION = YES;
				CLANG_WARN_COMMA = YES;
				CLANG_WARN_CONSTANT_CONVERSION = YES;
				CLANG_WARN_DEPRECATED_OBJC_IMPLEMENTATIONS = YES;
				CLANG_WARN_DIRECT_OBJC_ISA_USAGE = YES_ERROR;
				CLANG_WARN_DOCUMENTATION_COMMENTS = YES;
				CLANG_WARN_EMPTY_BODY = YES;
				CLANG_WARN_ENUM_CONVERSION = YES;
				CLANG_WARN_INFINITE_RECURSION = YES;
				CLANG_WARN_INT_CONVERSION = YES;
				CLANG_WARN_NON_LITERAL_NULL_CONVERSION = YES;
				CLANG_WARN_OBJC_IMPLICIT_RETAIN_SELF = YES;
				CLANG_WARN_OBJC_LITERAL_CONVERSION = YES;
				CLANG_WARN_OBJC_ROOT_CLASS = YES_ERROR;
				CLANG_WARN_QUOTED_INCLUDE_IN_FRAMEWORK_HEADER = YES;
				CLANG_WARN_RANGE_LOOP_ANALYSIS = YES;
				CLANG_WARN_STRICT_PROTOTYPES = YES;
				CLANG_WARN_SUSPICIOUS_MOVE = YES;
				CLANG_WARN_UNGUARDED_AVAILABILITY = YES_AGGRESSIVE;
				CLANG_WARN_UNREACHABLE_CODE = YES;
				CLANG_WARN__DUPLICATE_METHOD_MATCH = YES;
				COPY_PHASE_STRIP = NO;
				DEBUG_INFORMATION_FORMAT = "dwarf-with-dsym";
				ENABLE_NS_ASSERTIONS = NO;
				ENABLE_STRICT_OBJC_MSGSEND = YES;
				GCC_C_LANGUAGE_STANDARD = gnu11;
				GCC_NO_COMMON_BLOCKS = YES;
				GCC_WARN_64_TO_32_BIT_CONVERSION = YES;
				GCC_WARN_ABOUT_RETURN_TYPE = YES_ERROR;
				GCC_WARN_UNDECLARED_SELECTOR = YES;
				GCC_WARN_UNINITIALIZED_AUTOS = YES_AGGRESSIVE;
				GCC_WARN_UNUSED_FUNCTION = YES;
				GCC_WARN_UNUSED_VARIABLE = YES;
				IPHONEOS_DEPLOYMENT_TARGET = 15.0;
				MTL_ENABLE_DEBUG_INFO = NO;
				MTL_FAST_MATH = YES;
				SDKROOT = iphoneos;
				SWIFT_COMPILATION_MODE = wholemodule;
				SWIFT_OPTIMIZATION_LEVEL = "-O";
				VALIDATE_PRODUCT = YES;
			};
			name = Release;
		};
		A067ED0F27630E4A00EDE17E /* Debug */ = {
			isa = XCBuildConfiguration;
			baseConfigurationReference = 5E889420F408219440B499AF /* Pods-AppStore.debug.xcconfig */;
			buildSettings = {
				ASSETCATALOG_COMPILER_APPICON_NAME = AppIcon;
				ASSETCATALOG_COMPILER_GLOBAL_ACCENT_COLOR_NAME = AccentColor;
				CODE_SIGN_STYLE = Automatic;
				CURRENT_PROJECT_VERSION = 1;
				DEVELOPMENT_TEAM = HM9J3DG5MT;
				GENERATE_INFOPLIST_FILE = YES;
				INFOPLIST_FILE = AppStore/Info.plist;
				INFOPLIST_KEY_UIApplicationSupportsIndirectInputEvents = YES;
				INFOPLIST_KEY_UILaunchStoryboardName = LaunchScreen;
				INFOPLIST_KEY_UISupportedInterfaceOrientations_iPad = "UIInterfaceOrientationPortrait UIInterfaceOrientationPortraitUpsideDown UIInterfaceOrientationLandscapeLeft UIInterfaceOrientationLandscapeRight";
				INFOPLIST_KEY_UISupportedInterfaceOrientations_iPhone = "UIInterfaceOrientationPortrait UIInterfaceOrientationLandscapeLeft UIInterfaceOrientationLandscapeRight";
				LD_RUNPATH_SEARCH_PATHS = (
					"$(inherited)",
					"@executable_path/Frameworks",
				);
				MARKETING_VERSION = 1.0;
				PRODUCT_BUNDLE_IDENTIFIER = com.soduma.AppStore;
				PRODUCT_NAME = "$(TARGET_NAME)";
				SWIFT_EMIT_LOC_STRINGS = YES;
				SWIFT_VERSION = 5.0;
				TARGETED_DEVICE_FAMILY = "1,2";
			};
			name = Debug;
		};
		A067ED1027630E4A00EDE17E /* Release */ = {
			isa = XCBuildConfiguration;
			baseConfigurationReference = 583934B32AF02E83AC8185ED /* Pods-AppStore.release.xcconfig */;
			buildSettings = {
				ASSETCATALOG_COMPILER_APPICON_NAME = AppIcon;
				ASSETCATALOG_COMPILER_GLOBAL_ACCENT_COLOR_NAME = AccentColor;
				CODE_SIGN_STYLE = Automatic;
				CURRENT_PROJECT_VERSION = 1;
				DEVELOPMENT_TEAM = HM9J3DG5MT;
				GENERATE_INFOPLIST_FILE = YES;
				INFOPLIST_FILE = AppStore/Info.plist;
				INFOPLIST_KEY_UIApplicationSupportsIndirectInputEvents = YES;
				INFOPLIST_KEY_UILaunchStoryboardName = LaunchScreen;
				INFOPLIST_KEY_UISupportedInterfaceOrientations_iPad = "UIInterfaceOrientationPortrait UIInterfaceOrientationPortraitUpsideDown UIInterfaceOrientationLandscapeLeft UIInterfaceOrientationLandscapeRight";
				INFOPLIST_KEY_UISupportedInterfaceOrientations_iPhone = "UIInterfaceOrientationPortrait UIInterfaceOrientationLandscapeLeft UIInterfaceOrientationLandscapeRight";
				LD_RUNPATH_SEARCH_PATHS = (
					"$(inherited)",
					"@executable_path/Frameworks",
				);
				MARKETING_VERSION = 1.0;
				PRODUCT_BUNDLE_IDENTIFIER = com.soduma.AppStore;
				PRODUCT_NAME = "$(TARGET_NAME)";
				SWIFT_EMIT_LOC_STRINGS = YES;
				SWIFT_VERSION = 5.0;
				TARGETED_DEVICE_FAMILY = "1,2";
			};
			name = Release;
		};
/* End XCBuildConfiguration section */

/* Begin XCConfigurationList section */
		A067ECF527630E4900EDE17E /* Build configuration list for PBXProject "AppStore" */ = {
			isa = XCConfigurationList;
			buildConfigurations = (
				A067ED0C27630E4A00EDE17E /* Debug */,
				A067ED0D27630E4A00EDE17E /* Release */,
			);
			defaultConfigurationIsVisible = 0;
			defaultConfigurationName = Release;
		};
		A067ED0E27630E4A00EDE17E /* Build configuration list for PBXNativeTarget "AppStore" */ = {
			isa = XCConfigurationList;
			buildConfigurations = (
				A067ED0F27630E4A00EDE17E /* Debug */,
				A067ED1027630E4A00EDE17E /* Release */,
			);
			defaultConfigurationIsVisible = 0;
			defaultConfigurationName = Release;
		};
/* End XCConfigurationList section */
	};
	rootObject = A067ECF227630E4900EDE17E /* Project object */;
}
